/work/project/briefwp3/Adela/GA_CT/results/Medicago_sativa_GACT_assembly.pdf
/work/project/briefwp3/Adela/GA_CT/results/Medicago_sativa_GACT_assembly.txt
/work/project/briefwp3/Adela/GA_CT/results/Medicago_sativa_GACT_raw_reads.txt
/work/project/briefwp3/Adela/GA_CT/results/mapped_reads/Medicago_sativa_raw_sorted.bam
/work/project/briefwp3/Adela/GA_CT/results/mapped_reads/Medicago_sativa_raw_sorted.bam.bai
/work/project/briefwp3/Adela/Medicago_sativa/assembly/Medicago_sativa.asm.bp.p_ctg.fa
/work/project/briefwp3/Adela/Medicago_sativa/assembly/Medicago_sativa.asm.bp.p_ctg.fa
/work/project/briefwp3/Adela/Medicago_sativa/fastq_file/Medicago_sativa1.fastq.gz
/work/project/briefwp3/Adela/GA_CT/results/mapped_reads/Medicago_sativa_raw.bam
/work/project/briefwp3/Adela/Medicago_sativa/assembly/Medicago_sativa.asm.bp.p_ctg.fa
/work/project/briefwp3/Adela/Medicago_sativa/fastq_file/Medicago_sativa1.fastq.gz
/work/project/briefwp3/Adela/GA_CT/results/mapped_reads/Medicago_sativa_raw_sorted.bam
