/work/project/briefwp3/Adela/GA_CT/results/Medicago_sativa_GACT_raw_reads.txt
/work/project/briefwp3/Adela/GA_CT/results/Medicago_sativa_GACT_assembly.txt
/work/project/briefwp3/Adela/GA_CT/results/Medicago_sativa_GACT_assembly.pdf
/work/project/briefwp3/Adela/GA_CT/results/mapped_reads/Medicago_sativa_raw_sorted.bam.bai
